// !$*UTF8*$!
{
	archiveVersion = 1;
	classes = {
	};
	objectVersion = 46;
	objects = {

/* Begin PBXBuildFile section */
		2E3473AA1F1D1C3D0057A7C3 /* AppDelegate.swift in Sources */ = {isa = PBXBuildFile; fileRef = 2E3473A91F1D1C3D0057A7C3 /* AppDelegate.swift */; };
		2E3473AC1F1D1C3D0057A7C3 /* ViewController.swift in Sources */ = {isa = PBXBuildFile; fileRef = 2E3473AB1F1D1C3D0057A7C3 /* ViewController.swift */; };
		2E3473AF1F1D1C3D0057A7C3 /* Main.storyboard in Resources */ = {isa = PBXBuildFile; fileRef = 2E3473AD1F1D1C3D0057A7C3 /* Main.storyboard */; };
		2E3473B21F1D1C3D0057A7C3 /* Card_Counter.xcdatamodeld in Sources */ = {isa = PBXBuildFile; fileRef = 2E3473B01F1D1C3D0057A7C3 /* Card_Counter.xcdatamodeld */; };
		2E3473B41F1D1C3D0057A7C3 /* Assets.xcassets in Resources */ = {isa = PBXBuildFile; fileRef = 2E3473B31F1D1C3D0057A7C3 /* Assets.xcassets */; };
		2E3473B71F1D1C3D0057A7C3 /* LaunchScreen.storyboard in Resources */ = {isa = PBXBuildFile; fileRef = 2E3473B51F1D1C3D0057A7C3 /* LaunchScreen.storyboard */; };
/* End PBXBuildFile section */

/* Begin PBXFileReference section */
		2E3473A61F1D1C3D0057A7C3 /* Card Counter.app */ = {isa = PBXFileReference; explicitFileType = wrapper.application; includeInIndex = 0; path = "Card Counter.app"; sourceTree = BUILT_PRODUCTS_DIR; };
		2E3473A91F1D1C3D0057A7C3 /* AppDelegate.swift */ = {isa = PBXFileReference; lastKnownFileType = sourcecode.swift; path = AppDelegate.swift; sourceTree = "<group>"; };
		2E3473AB1F1D1C3D0057A7C3 /* ViewController.swift */ = {isa = PBXFileReference; lastKnownFileType = sourcecode.swift; path = ViewController.swift; sourceTree = "<group>"; };
		2E3473AE1F1D1C3D0057A7C3 /* Base */ = {isa = PBXFileReference; lastKnownFileType = file.storyboard; name = Base; path = Base.lproj/Main.storyboard; sourceTree = "<group>"; };
		2E3473B11F1D1C3D0057A7C3 /* Card_Counter.xcdatamodel */ = {isa = PBXFileReference; lastKnownFileType = wrapper.xcdatamodel; path = Card_Counter.xcdatamodel; sourceTree = "<group>"; };
		2E3473B31F1D1C3D0057A7C3 /* Assets.xcassets */ = {isa = PBXFileReference; lastKnownFileType = folder.assetcatalog; path = Assets.xcassets; sourceTree = "<group>"; };
		2E3473B61F1D1C3D0057A7C3 /* Base */ = {isa = PBXFileReference; lastKnownFileType = file.storyboard; name = Base; path = Base.lproj/LaunchScreen.storyboard; sourceTree = "<group>"; };
		2E3473B81F1D1C3D0057A7C3 /* Info.plist */ = {isa = PBXFileReference; lastKnownFileType = text.plist.xml; path = Info.plist; sourceTree = "<group>"; };
/* End PBXFileReference section */

/* Begin PBXFrameworksBuildPhase section */
		2E3473A31F1D1C3D0057A7C3 /* Frameworks */ = {
			isa = PBXFrameworksBuildPhase;
			buildActionMask = 2147483647;
			files = (
			);
			runOnlyForDeploymentPostprocessing = 0;
		};
/* End PBXFrameworksBuildPhase section */

/* Begin PBXGroup section */
		2E34739D1F1D1C3D0057A7C3 = {
			isa = PBXGroup;
			children = (
				2E3473A81F1D1C3D0057A7C3 /* Card Counter */,
				2E3473A71F1D1C3D0057A7C3 /* Products */,
			);
			sourceTree = "<group>";
		};
		2E3473A71F1D1C3D0057A7C3 /* Products */ = {
			isa = PBXGroup;
			children = (
				2E3473A61F1D1C3D0057A7C3 /* Card Counter.app */,
			);
			name = Products;
			sourceTree = "<group>";
		};
		2E3473A81F1D1C3D0057A7C3 /* Card Counter */ = {
			isa = PBXGroup;
			children = (
				2E3473A91F1D1C3D0057A7C3 /* AppDelegate.swift */,
				2E3473AB1F1D1C3D0057A7C3 /* ViewController.swift */,
				2E3473AD1F1D1C3D0057A7C3 /* Main.storyboard */,
				2E3473B31F1D1C3D0057A7C3 /* Assets.xcassets */,
				2E3473B51F1D1C3D0057A7C3 /* LaunchScreen.storyboard */,
				2E3473B81F1D1C3D0057A7C3 /* Info.plist */,
				2E3473B01F1D1C3D0057A7C3 /* Card_Counter.xcdatamodeld */,
			);
			path = "Card Counter";
			sourceTree = "<group>";
		};
/* End PBXGroup section */

/* Begin PBXNativeTarget section */
		2E3473A51F1D1C3D0057A7C3 /* Card Counter */ = {
			isa = PBXNativeTarget;
			buildConfigurationList = 2E3473BB1F1D1C3D0057A7C3 /* Build configuration list for PBXNativeTarget "Card Counter" */;
			buildPhases = (
				2E3473A21F1D1C3D0057A7C3 /* Sources */,
				2E3473A31F1D1C3D0057A7C3 /* Frameworks */,
				2E3473A41F1D1C3D0057A7C3 /* Resources */,
			);
			buildRules = (
			);
			dependencies = (
			);
			name = "Card Counter";
			productName = "Card Counter";
			productReference = 2E3473A61F1D1C3D0057A7C3 /* Card Counter.app */;
			productType = "com.apple.product-type.application";
		};
/* End PBXNativeTarget section */

/* Begin PBXProject section */
		2E34739E1F1D1C3D0057A7C3 /* Project object */ = {
			isa = PBXProject;
			attributes = {
				LastSwiftUpdateCheck = 0830;
				LastUpgradeCheck = 0830;
				ORGANIZATIONNAME = Appsher;
				TargetAttributes = {
					2E3473A51F1D1C3D0057A7C3 = {
						CreatedOnToolsVersion = 8.3.3;
						DevelopmentTeam = PY83UB8G2X;
						ProvisioningStyle = Automatic;
					};
				};
			};
			buildConfigurationList = 2E3473A11F1D1C3D0057A7C3 /* Build configuration list for PBXProject "Card Counter" */;
			compatibilityVersion = "Xcode 3.2";
			developmentRegion = English;
			hasScannedForEncodings = 0;
			knownRegions = (
				en,
				Base,
			);
			mainGroup = 2E34739D1F1D1C3D0057A7C3;
			productRefGroup = 2E3473A71F1D1C3D0057A7C3 /* Products */;
			projectDirPath = "";
			projectRoot = "";
			targets = (
				2E3473A51F1D1C3D0057A7C3 /* Card Counter */,
			);
		};
/* End PBXProject section */

/* Begin PBXResourcesBuildPhase section */
		2E3473A41F1D1C3D0057A7C3 /* Resources */ = {
			isa = PBXResourcesBuildPhase;
			buildActionMask = 2147483647;
			files = (
				2E3473B71F1D1C3D0057A7C3 /* LaunchScreen.storyboard in Resources */,
				2E3473B41F1D1C3D0057A7C3 /* Assets.xcassets in Resources */,
				2E3473AF1F1D1C3D0057A7C3 /* Main.storyboard in Resources */,
			);
			runOnlyForDeploymentPostprocessing = 0;
		};
/* End PBXResourcesBuildPhase section */

/* Begin PBXSourcesBuildPhase section */
		2E3473A21F1D1C3D0057A7C3 /* Sources */ = {
			isa = PBXSourcesBuildPhase;
			buildActionMask = 2147483647;
			files = (
				2E3473AC1F1D1C3D0057A7C3 /* ViewController.swift in Sources */,
				2E3473B21F1D1C3D0057A7C3 /* Card_Counter.xcdatamodeld in Sources */,
				2E3473AA1F1D1C3D0057A7C3 /* AppDelegate.swift in Sources */,
			);
			runOnlyForDeploymentPostprocessing = 0;
		};
/* End PBXSourcesBuildPhase section */

/* Begin PBXVariantGroup section */
		2E3473AD1F1D1C3D0057A7C3 /* Main.storyboard */ = {
			isa = PBXVariantGroup;
			children = (
				2E3473AE1F1D1C3D0057A7C3 /* Base */,
			);
			name = Main.storyboard;
			sourceTree = "<group>";
		};
		2E3473B51F1D1C3D0057A7C3 /* LaunchScreen.storyboard */ = {
			isa = PBXVariantGroup;
			children = (
				2E3473B61F1D1C3D0057A7C3 /* Base */,
			);
			name = LaunchScreen.storyboard;
			sourceTree = "<group>";
		};
/* End PBXVariantGroup section */

/* Begin XCBuildConfiguration section */
		2E3473B91F1D1C3D0057A7C3 /* Debug */ = {
			isa = XCBuildConfiguration;
			buildSettings = {
				ALWAYS_SEARCH_USER_PATHS = NO;
				CLANG_ANALYZER_NONNULL = YES;
				CLANG_ANALYZER_NUMBER_OBJECT_CONVERSION = YES_AGGRESSIVE;
				CLANG_CXX_LANGUAGE_STANDARD = "gnu++0x";
				CLANG_CXX_LIBRARY = "libc++";
				CLANG_ENABLE_MODULES = YES;
				CLANG_ENABLE_OBJC_ARC = YES;
				CLANG_WARN_BOOL_CONVERSION = YES;
				CLANG_WARN_CONSTANT_CONVERSION = YES;
				CLANG_WARN_DIRECT_OBJC_ISA_USAGE = YES_ERROR;
				CLANG_WARN_DOCUMENTATION_COMMENTS = YES;
				CLANG_WARN_EMPTY_BODY = YES;
				CLANG_WARN_ENUM_CONVERSION = YES;
				CLANG_WARN_INFINITE_RECURSION = YES;
				CLANG_WARN_INT_CONVERSION = YES;
				CLANG_WARN_OBJC_ROOT_CLASS = YES_ERROR;
				CLANG_WARN_SUSPICIOUS_MOVE = YES;
				CLANG_WARN_UNREACHABLE_CODE = YES;
				CLANG_WARN__DUPLICATE_METHOD_MATCH = YES;
				"CODE_SIGN_IDENTITY[sdk=iphoneos*]" = "iPhone Developer";
				COPY_PHASE_STRIP = NO;
				DEBUG_INFORMATION_FORMAT = dwarf;
				ENABLE_STRICT_OBJC_MSGSEND = YES;
				ENABLE_TESTABILITY = YES;
				GCC_C_LANGUAGE_STANDARD = gnu99;
				GCC_DYNAMIC_NO_PIC = NO;
				GCC_NO_COMMON_BLOCKS = YES;
				GCC_OPTIMIZATION_LEVEL = 0;
				GCC_PREPROCESSOR_DEFINITIONS = (
					"DEBUG=1",
					"$(inherited)",
				);
				GCC_WARN_64_TO_32_BIT_CONVERSION = YES;
				GCC_WARN_ABOUT_RETURN_TYPE = YES_ERROR;
				GCC_WARN_UNDECLARED_SELECTOR = YES;
				GCC_WARN_UNINITIALIZED_AUTOS = YES_AGGRESSIVE;
				GCC_WARN_UNUSED_FUNCTION = YES;
				GCC_WARN_UNUSED_VARIABLE = YES;
				IPHONEOS_DEPLOYMENT_TARGET = 10.3;
				MTL_ENABLE_DEBUG_INFO = YES;
				ONLY_ACTIVE_ARCH = YES;
				SDKROOT = iphoneos;
				SWIFT_ACTIVE_COMPILATION_CONDITIONS = DEBUG;
				SWIFT_OPTIMIZATION_LEVEL = "-Onone";
				TARGETED_DEVICE_FAMILY = "1,2";
			};
			name = Debug;
		};
		2E3473BA1F1D1C3D0057A7C3 /* Release */ = {
			isa = XCBuildConfiguration;
			buildSettings = {
				ALWAYS_SEARCH_USER_PATHS = NO;
				CLANG_ANALYZER_NONNULL = YES;
				CLANG_ANALYZER_NUMBER_OBJECT_CONVERSION = YES_AGGRESSIVE;
				CLANG_CXX_LANGUAGE_STANDARD = "gnu++0x";
				CLANG_CXX_LIBRARY = "libc++";
				CLANG_ENABLE_MODULES = YES;
				CLANG_ENABLE_OBJC_ARC = YES;
				CLANG_WARN_BOOL_CONVERSION = YES;
				CLANG_WARN_CONSTANT_CONVERSION = YES;
				CLANG_WARN_DIRECT_OBJC_ISA_USAGE = YES_ERROR;
				CLANG_WARN_DOCUMENTATION_COMMENTS = YES;
				CLANG_WARN_EMPTY_BODY = YES;
				CLANG_WARN_ENUM_CONVERSION = YES;
				CLANG_WARN_INFINITE_RECURSION = YES;
				CLANG_WARN_INT_CONVERSION = YES;
				CLANG_WARN_OBJC_ROOT_CLASS = YES_ERROR;
				CLANG_WARN_SUSPICIOUS_MOVE = YES;
				CLANG_WARN_UNREACHABLE_CODE = YES;
				CLANG_WARN__DUPLICATE_METHOD_MATCH = YES;
				"CODE_SIGN_IDENTITY[sdk=iphoneos*]" = "iPhone Developer";
				COPY_PHASE_STRIP = NO;
				DEBUG_INFORMATION_FORMAT = "dwarf-with-dsym";
				ENABLE_NS_ASSERTIONS = NO;
				ENABLE_STRICT_OBJC_MSGSEND = YES;
				GCC_C_LANGUAGE_STANDARD = gnu99;
				GCC_NO_COMMON_BLOCKS = YES;
				GCC_WARN_64_TO_32_BIT_CONVERSION = YES;
				GCC_WARN_ABOUT_RETURN_TYPE = YES_ERROR;
				GCC_WARN_UNDECLARED_SELECTOR = YES;
				GCC_WARN_UNINITIALIZED_AUTOS = YES_AGGRESSIVE;
				GCC_WARN_UNUSED_FUNCTION = YES;
				GCC_WARN_UNUSED_VARIABLE = YES;
				IPHONEOS_DEPLOYMENT_TARGET = 10.3;
				MTL_ENABLE_DEBUG_INFO = NO;
				SDKROOT = iphoneos;
				SWIFT_OPTIMIZATION_LEVEL = "-Owholemodule";
				TARGETED_DEVICE_FAMILY = "1,2";
				VALIDATE_PRODUCT = YES;
			};
			name = Release;
		};
		2E3473BC1F1D1C3D0057A7C3 /* Debug */ = {
			isa = XCBuildConfiguration;
			buildSettings = {
				ASSETCATALOG_COMPILER_APPICON_NAME = AppIcon;
				DEVELOPMENT_TEAM = PY83UB8G2X;
				INFOPLIST_FILE = "Card Counter/Info.plist";
				LD_RUNPATH_SEARCH_PATHS = "$(inherited) @executable_path/Frameworks";
				PRODUCT_BUNDLE_IDENTIFIER = "uk.appsher.Card-Counter";
				PRODUCT_NAME = "$(TARGET_NAME)";
				SWIFT_VERSION = 3.0;
			};
			name = Debug;
		};
		2E3473BD1F1D1C3D0057A7C3 /* Release */ = {
			isa = XCBuildConfiguration;
			buildSettings = {
				ASSETCATALOG_COMPILER_APPICON_NAME = AppIcon;
				DEVELOPMENT_TEAM = PY83UB8G2X;
				INFOPLIST_FILE = "Card Counter/Info.plist";
				LD_RUNPATH_SEARCH_PATHS = "$(inherited) @executable_path/Frameworks";
				PRODUCT_BUNDLE_IDENTIFIER = "uk.appsher.Card-Counter";
				PRODUCT_NAME = "$(TARGET_NAME)";
				SWIFT_VERSION = 3.0;
			};
			name = Release;
		};
/* End XCBuildConfiguration section */

/* Begin XCConfigurationList section */
		2E3473A11F1D1C3D0057A7C3 /* Build configuration list for PBXProject "Card Counter" */ = {
			isa = XCConfigurationList;
			buildConfigurations = (
				2E3473B91F1D1C3D0057A7C3 /* Debug */,
				2E3473BA1F1D1C3D0057A7C3 /* Release */,
			);
			defaultConfigurationIsVisible = 0;
			defaultConfigurationName = Release;
		};
		2E3473BB1F1D1C3D0057A7C3 /* Build configuration list for PBXNativeTarget "Card Counter" */ = {
			isa = XCConfigurationList;
			buildConfigurations = (
				2E3473BC1F1D1C3D0057A7C3 /* Debug */,
				2E3473BD1F1D1C3D0057A7C3 /* Release */,
			);
			defaultConfigurationIsVisible = 0;
		};
/* End XCConfigurationList section */

/* Begin XCVersionGroup section */
		2E3473B01F1D1C3D0057A7C3 /* Card_Counter.xcdatamodeld */ = {
			isa = XCVersionGroup;
			children = (
				2E3473B11F1D1C3D0057A7C3 /* Card_Counter.xcdatamodel */,
			);
			currentVersion = 2E3473B11F1D1C3D0057A7C3 /* Card_Counter.xcdatamodel */;
			path = Card_Counter.xcdatamodeld;
			sourceTree = "<group>";
			versionGroupType = wrapper.xcdatamodel;
		};
/* End XCVersionGroup section */
	};
	rootObject = 2E34739E1F1D1C3D0057A7C3 /* Project object */;
}
